
Microsoft Visual Studio Solution File, Format Version 12.00
# Visual Studio Version 17
VisualStudioVersion = 17.5.002.0
MinimumVisualStudioVersion = 10.0.40219.1
Project("{9A19103F-16F7-4668-BE54-9A1E7A4F7556}") = "HelloWorld", "HelloWorld.csproj", "{D950D0FE-20AB-48AE-8ABF-601F20C2D6BE}"
EndProject
Global
	GlobalSection(SolutionConfigurationPlatforms) = preSolution
		Debug|Any CPU = Debug|Any CPU
		Release|Any CPU = Release|Any CPU
	EndGlobalSection
	GlobalSection(ProjectConfigurationPlatforms) = postSolution
		{D950D0FE-20AB-48AE-8ABF-601F20C2D6BE}.Debug|Any CPU.ActiveCfg = Debug|Any CPU
		{D950D0FE-20AB-48AE-8ABF-601F20C2D6BE}.Debug|Any CPU.Build.0 = Debug|Any CPU
		{D950D0FE-20AB-48AE-8ABF-601F20C2D6BE}.Release|Any CPU.ActiveCfg = Release|Any CPU
		{D950D0FE-20AB-48AE-8ABF-601F20C2D6BE}.Release|Any CPU.Build.0 = Release|Any CPU
	EndGlobalSection
	GlobalSection(SolutionProperties) = preSolution
		HideSolutionNode = FALSE
	EndGlobalSection
	GlobalSection(ExtensibilityGlobals) = postSolution
		SolutionGuid = {14E2F593-0904-49F1-8D22-6232B5C540D9}
	EndGlobalSection
EndGlobal
